
Microsoft Visual Studio Solution File, Format Version 12.00
# Visual Studio 15
VisualStudioVersion = 15.0.27703.2035
MinimumVisualStudioVersion = 10.0.40219.1
Project("{FAE04EC0-301F-11D3-BF4B-00C04F79EFBC}") = "MovieApp.MvcWebUI", "MovieApp.MvcWebUI\MovieApp.MvcWebUI.csproj", "{C115284A-5200-438A-83BE-DD0C4E86360C}"
EndProject
Global
	GlobalSection(SolutionConfigurationPlatforms) = preSolution
		Debug|Any CPU = Debug|Any CPU
		Release|Any CPU = Release|Any CPU
	EndGlobalSection
	GlobalSection(ProjectConfigurationPlatforms) = postSolution
		{C115284A-5200-438A-83BE-DD0C4E86360C}.Debug|Any CPU.ActiveCfg = Debug|Any CPU
		{C115284A-5200-438A-83BE-DD0C4E86360C}.Debug|Any CPU.Build.0 = Debug|Any CPU
		{C115284A-5200-438A-83BE-DD0C4E86360C}.Release|Any CPU.ActiveCfg = Release|Any CPU
		{C115284A-5200-438A-83BE-DD0C4E86360C}.Release|Any CPU.Build.0 = Release|Any CPU
	EndGlobalSection
	GlobalSection(SolutionProperties) = preSolution
		HideSolutionNode = FALSE
	EndGlobalSection
	GlobalSection(ExtensibilityGlobals) = postSolution
		SolutionGuid = {3A97317A-CF1F-473B-B8EA-040E1BB6D206}
	EndGlobalSection
EndGlobal
